
Microsoft Visual Studio Solution File, Format Version 12.00
# Visual Studio Version 17
VisualStudioVersion = 17.1.32210.238
MinimumVisualStudioVersion = 10.0.40219.1
Project("{2150E333-8FDC-42A3-9474-1A3956D46DE8}") = "ProjetoEstudo", "ProjetoEstudo", "{2F397AFC-B440-4318-AC14-1DD9274BF7EB}"
EndProject
Project("{2150E333-8FDC-42A3-9474-1A3956D46DE8}") = "CursoCsharp", "CursoCsharp", "{E2E32E2A-18A7-4F06-B2BE-C57AAA0AA1BE}"
EndProject
Project("{9A19103F-16F7-4668-BE54-9A1E7A4F7556}") = "Projeto Teste 1", "0.Projeto Teste 1\Projeto Teste 1.csproj", "{28E619F6-7F40-4F76-BEE0-EFF3819601CA}"
EndProject
Project("{9A19103F-16F7-4668-BE54-9A1E7A4F7556}") = "1.Par e impar", "1.Par e impar\1.Par e impar.csproj", "{C9C42A5F-2ED5-4401-9181-9B85FE0F7A2B}"
EndProject
Project("{9A19103F-16F7-4668-BE54-9A1E7A4F7556}") = "2.Definindo 100 impares", "2.Definindo 100 impares\2.Definindo 100 impares.csproj", "{F887A458-432A-4EAB-9D2B-E0E5139A0495}"
EndProject
Project("{9A19103F-16F7-4668-BE54-9A1E7A4F7556}") = "3.Nomerepetido", "3.Nomerepetido\3.Nomerepetido.csproj", "{FA58406D-C64B-4A44-A243-074C1A107430}"
EndProject
Project("{9A19103F-16F7-4668-BE54-9A1E7A4F7556}") = "4.Três nomes", "4.Três nomes\4.Três nomes.csproj", "{2BCAD954-E04B-488E-B66A-C0C58B721A53}"
EndProject
Project("{9A19103F-16F7-4668-BE54-9A1E7A4F7556}") = "5.Dois Números operação", "5.Dois Números operação\5.Dois Números operação.csproj", "{3729F172-E437-4480-9FAA-69A1502BC3A7}"
EndProject
Project("{9A19103F-16F7-4668-BE54-9A1E7A4F7556}") = "6.Permissão de entrada", "6.Permissão de entrada\6.Permissão de entrada.csproj", "{114AA7AB-1C4F-4426-ACD3-173A0C7C1D37}"
EndProject
Project("{9A19103F-16F7-4668-BE54-9A1E7A4F7556}") = "7.Apresentação", "7.Apresentação\7.Apresentação.csproj", "{C8A719FC-9DC2-4E5A-84DF-DFB5D8F0D3DB}"
EndProject
Project("{9A19103F-16F7-4668-BE54-9A1E7A4F7556}") = "8.Minha altura é", "8.Minha altura é\8.Minha altura é.csproj", "{2AA73644-5E5A-427B-B364-976D6A827E87}"
EndProject
Project("{9A19103F-16F7-4668-BE54-9A1E7A4F7556}") = "9.Bimestre", "9.Bimestre\9.Bimestre.csproj", "{CAF1074D-C0EC-4067-BEFF-D00B68BFBB9C}"
EndProject
Project("{9A19103F-16F7-4668-BE54-9A1E7A4F7556}") = "10.Ordem Decrescente", "10.Ordem Decrescente\10.Ordem Decrescente.csproj", "{17A0D3E0-2631-4889-9B76-914FC22944DA}"
EndProject
Project("{9A19103F-16F7-4668-BE54-9A1E7A4F7556}") = "11.Maior valor de Três", "11.Maior valor de Três\11.Maior valor de Três.csproj", "{01FB92B1-F81B-4235-AE13-B35AF7280FC1}"
EndProject
Project("{9A19103F-16F7-4668-BE54-9A1E7A4F7556}") = "12.Primeiro Maior que a Soma dos outros Dois de Três", "12.Primeiro Maior que a Soma dos outros Dois de Três\12.Primeiro Maior que a Soma dos outros Dois de Três.csproj", "{F35F7886-53C5-4119-BC73-C14C5DBF6404}"
EndProject
Project("{9A19103F-16F7-4668-BE54-9A1E7A4F7556}") = "13", "13.Pote exemplo\13.csproj", "{B4587884-19D5-453A-A27A-36842718C932}"
EndProject
Project("{9A19103F-16F7-4668-BE54-9A1E7A4F7556}") = "14. Métodos para Três números", "14. Métodos para Três números\14. Métodos para Três números.csproj", "{3556F51A-97C2-481C-905B-FCE578730B63}"
EndProject
Project("{9A19103F-16F7-4668-BE54-9A1E7A4F7556}") = "15", "15.Aula de POO\15.csproj", "{443E8D20-DEBB-4AAF-A2E1-5DA1BB1499FD}"
EndProject
Project("{9A19103F-16F7-4668-BE54-9A1E7A4F7556}") = "16. Exercicio IMC", "16. Exercicio IMC\16. Exercicio IMC.csproj", "{7E90B3BC-69ED-40C2-A3BE-02878C03F9F2}"
EndProject
Project("{9A19103F-16F7-4668-BE54-9A1E7A4F7556}") = "17.Menu de Usuários", "17.Menu de Usuários\17.Menu de Usuários.csproj", "{D7E7FAAA-AE53-457F-9E6D-4DFF3C6F969B}"
EndProject
Project("{9A19103F-16F7-4668-BE54-9A1E7A4F7556}") = "19.Maximo de atributos", "19.Maximo de atributos\19.Maximo de atributos.csproj", "{B94C225F-F7CF-425E-959B-723A8B52318E}"
EndProject
Project("{2150E333-8FDC-42A3-9474-1A3956D46DE8}") = "Cap1", "Cap1", "{B462083F-FAA0-47D1-B233-33B16271A98D}"
EndProject
Project("{2150E333-8FDC-42A3-9474-1A3956D46DE8}") = "Cap3", "Cap3", "{D7E71B31-EF2E-4094-9BF1-ACCDC92D815A}"
EndProject
Project("{2150E333-8FDC-42A3-9474-1A3956D46DE8}") = "Cap4", "Cap4", "{6939553F-7C2C-491F-9BE2-AF7923304771}"
EndProject
Project("{2150E333-8FDC-42A3-9474-1A3956D46DE8}") = "Cap5", "Cap5", "{6256379B-79C7-4EF4-90F4-E526A7E83C25}"
EndProject
Project("{2150E333-8FDC-42A3-9474-1A3956D46DE8}") = "Cap6", "Cap6", "{C5595393-92C7-487E-8B8B-B7542A77F70E}"
EndProject
Project("{2150E333-8FDC-42A3-9474-1A3956D46DE8}") = "Cap9", "Cap9", "{244F6790-9946-42AB-A41F-5AFF04FF8139}"
EndProject
Project("{2150E333-8FDC-42A3-9474-1A3956D46DE8}") = "Cap10", "Cap10", "{2E239978-E03F-4879-8E7E-1EA83CED215C}"
EndProject
Project("{2150E333-8FDC-42A3-9474-1A3956D46DE8}") = "Cap11", "Cap11", "{75DD4CCF-6EE6-48FD-BF94-46B102A8F194}"
EndProject
Project("{2150E333-8FDC-42A3-9474-1A3956D46DE8}") = "Cap12", "Cap12", "{603C5FF1-36A3-4FFA-9233-6BDAF83906FB}"
EndProject
Project("{2150E333-8FDC-42A3-9474-1A3956D46DE8}") = "Cap13", "Cap13", "{3E45214F-E386-47CE-BE70-0DF3BCB35855}"
EndProject
Project("{2150E333-8FDC-42A3-9474-1A3956D46DE8}") = "Cap14", "Cap14", "{8A7327A3-F219-466A-B418-B389FB4B8FC2}"
EndProject
Project("{2150E333-8FDC-42A3-9474-1A3956D46DE8}") = "Cap15", "Cap15", "{43E540F0-9B4B-4441-8295-20403034362F}"
EndProject
Project("{9A19103F-16F7-4668-BE54-9A1E7A4F7556}") = "1estruturasequencial", "Curso Csharp - CAP1\1estruturasequencial\1.1exercicio\1estruturasequencial.csproj", "{8EFF3E8D-0AFA-4D08-AD30-0E516FCF8C6C}"
EndProject
Project("{9A19103F-16F7-4668-BE54-9A1E7A4F7556}") = "1.2exercicio", "Curso Csharp - CAP1\1estruturasequencial\1.2exercicio\1.2exercicio.csproj", "{B81EFE3E-CD44-4CAD-937F-149A6B610119}"
EndProject
Project("{9A19103F-16F7-4668-BE54-9A1E7A4F7556}") = "CAP10ExerciseCourse", "Curso Csharp - CAP10\CAP10ExerciseCourse\1.1\CAP10ExerciseCourse.csproj", "{20F46807-8AEE-49B1-8C85-0995D8D1BA79}"
EndProject
Project("{9A19103F-16F7-4668-BE54-9A1E7A4F7556}") = "1.2", "Curso Csharp - CAP10\CAP10ExerciseCourse\1.2\1.2.csproj", "{73BE766A-51AE-4913-9EEC-94FCC2A9E7DE}"
EndProject
Project("{9A19103F-16F7-4668-BE54-9A1E7A4F7556}") = "CAP11ExerciseCourse1.1", "Curso Csharp - CAP11\CAP11ExerciseCourse1.1\CAP11ExerciseCourse1.1.csproj", "{9556E8BE-E1CA-4E9B-AAE6-8782B4C29576}"
EndProject
Project("{9A19103F-16F7-4668-BE54-9A1E7A4F7556}") = "Chess Hard Project", "Curso Csharp - CAP12(xadrez)\Chess Hard Project\Chess Hard Project.csproj", "{D1F74D7D-FB1A-4779-993D-A8185F7A6DC3}"
EndProject
Project("{9A19103F-16F7-4668-BE54-9A1E7A4F7556}") = "Xadrez-Console", "Curso Csharp - CAP12(xadrez)\Chess Hard Project Vs Studio\Xadrez-Console\Xadrez-Console.csproj", "{5B89BDE9-C609-4786-8C07-DADB8DF4ECE1}"
EndProject
Project("{9A19103F-16F7-4668-BE54-9A1E7A4F7556}") = "File", "Curso Csharp - CAP13\File\File.csproj", "{50DF5EFD-00EB-4CAF-898E-B25C8BF64FA9}"
EndProject
Project("{9A19103F-16F7-4668-BE54-9A1E7A4F7556}") = "Interface", "Curso Csharp - CAP14\Interface\Interface.csproj", "{C74CA39B-F82B-4DE7-8BCD-55529B19343D}"
EndProject
Project("{9A19103F-16F7-4668-BE54-9A1E7A4F7556}") = "Dictionary Set", "Curso Csharp - CAP15\Dictionary Set\Dictionary Set.csproj", "{4A04699F-D13E-4D18-B9A6-1C1F02CEACAA}"
EndProject
Project("{9A19103F-16F7-4668-BE54-9A1E7A4F7556}") = "HashSet", "Curso Csharp - CAP15\HashSet\HashSet.csproj", "{138FBDFE-875E-43E5-8AAB-C614208B01DA}"
EndProject
Project("{9A19103F-16F7-4668-BE54-9A1E7A4F7556}") = "exerparafor", "Curso Csharp - CAP3\exercicios\exerparafor\exerparafor.csproj", "{81D8DF62-FD26-44F7-810D-6EB0C554C368}"
EndProject
Project("{9A19103F-16F7-4668-BE54-9A1E7A4F7556}") = "fixação", "Curso Csharp - CAP3\exercicios\fixação1\fixação.csproj", "{B9BE6B47-50D0-459F-BA6B-D17FA8C1345B}"
EndProject
Project("{9A19103F-16F7-4668-BE54-9A1E7A4F7556}") = "fixação2", "Curso Csharp - CAP3\exercicios\fixação2\fixação2.csproj", "{3112661D-C567-440D-BC30-70632BD7EDBB}"
EndProject
Project("{9A19103F-16F7-4668-BE54-9A1E7A4F7556}") = "while", "Curso Csharp - CAP3\exercicios\while\while.csproj", "{155030A9-48AF-4D71-8CAC-D95A2E2F97C3}"
EndProject
Project("{9A19103F-16F7-4668-BE54-9A1E7A4F7556}") = "exerciciofix1", "Curso Csharp - CAP4\exercicios\exerciciofix1\exerciciofix1.csproj", "{D1C677EB-0D38-410A-8A84-88B7D16138BB}"
EndProject
Project("{9A19103F-16F7-4668-BE54-9A1E7A4F7556}") = "exerciciofix2", "Curso Csharp - CAP4\exercicios\exerciciofix2\exerciciofix2.csproj", "{FFCDC3F6-8139-4CA9-B164-7402C91022B3}"
EndProject
Project("{9A19103F-16F7-4668-BE54-9A1E7A4F7556}") = "exerciciofix3", "Curso Csharp - CAP4\exercicios\exerciciofix3\exerciciofix3.csproj", "{5F80A320-E266-4856-BCEA-220F5B147E25}"
EndProject
Project("{9A19103F-16F7-4668-BE54-9A1E7A4F7556}") = "exerciciofix4", "Curso Csharp - CAP4\exercicios\exerciciofix4\exerciciofix4.csproj", "{D8FCF15B-3B0B-493A-A0AE-B45EB6255B2C}"
EndProject
Project("{9A19103F-16F7-4668-BE54-9A1E7A4F7556}") = "exerciciofixtenso1", "Curso Csharp - CAP5\exerciciofixtenso1\exerciciofixtenso1.csproj", "{3FB215DF-0587-4631-8BDB-4CFA31CBAB7F}"
EndProject
Project("{9A19103F-16F7-4668-BE54-9A1E7A4F7556}") = "exerciciofixtenso1", "Curso Csharp - CAP6\exercicios\Cap6exerciciofixtenso1\exerciciofixtenso1.csproj", "{123088B0-75AD-476B-A7F9-3044E5F08478}"
EndProject
Project("{9A19103F-16F7-4668-BE54-9A1E7A4F7556}") = "exerciciomat", "Curso Csharp - CAP6\exercicios\Cap6exerciciomat\exerciciomat.csproj", "{2FD43BE3-F3DD-4443-BCC2-DC7B21F0D428}"
EndProject
Project("{9A19103F-16F7-4668-BE54-9A1E7A4F7556}") = "exercicioslist", "Curso Csharp - CAP6\exercicios\Cap6exercicioslist\exercicioslist.csproj", "{8AFAF4B2-E242-405F-95B2-B833CF4D20ED}"
EndProject
Project("{9A19103F-16F7-4668-BE54-9A1E7A4F7556}") = "enumexerfix", "Curso Csharp - CAP9\enumexerfix\enumexerfix.csproj", "{BEC084E9-099B-49C7-AC30-71E108D22E11}"
EndProject
Global
	GlobalSection(SolutionConfigurationPlatforms) = preSolution
		Debug|Any CPU = Debug|Any CPU
		Release|Any CPU = Release|Any CPU
	EndGlobalSection
	GlobalSection(ProjectConfigurationPlatforms) = postSolution
		{28E619F6-7F40-4F76-BEE0-EFF3819601CA}.Debug|Any CPU.ActiveCfg = Debug|Any CPU
		{28E619F6-7F40-4F76-BEE0-EFF3819601CA}.Debug|Any CPU.Build.0 = Debug|Any CPU
		{28E619F6-7F40-4F76-BEE0-EFF3819601CA}.Release|Any CPU.ActiveCfg = Release|Any CPU
		{28E619F6-7F40-4F76-BEE0-EFF3819601CA}.Release|Any CPU.Build.0 = Release|Any CPU
		{C9C42A5F-2ED5-4401-9181-9B85FE0F7A2B}.Debug|Any CPU.ActiveCfg = Debug|Any CPU
		{C9C42A5F-2ED5-4401-9181-9B85FE0F7A2B}.Debug|Any CPU.Build.0 = Debug|Any CPU
		{C9C42A5F-2ED5-4401-9181-9B85FE0F7A2B}.Release|Any CPU.ActiveCfg = Release|Any CPU
		{C9C42A5F-2ED5-4401-9181-9B85FE0F7A2B}.Release|Any CPU.Build.0 = Release|Any CPU
		{F887A458-432A-4EAB-9D2B-E0E5139A0495}.Debug|Any CPU.ActiveCfg = Debug|Any CPU
		{F887A458-432A-4EAB-9D2B-E0E5139A0495}.Debug|Any CPU.Build.0 = Debug|Any CPU
		{F887A458-432A-4EAB-9D2B-E0E5139A0495}.Release|Any CPU.ActiveCfg = Release|Any CPU
		{F887A458-432A-4EAB-9D2B-E0E5139A0495}.Release|Any CPU.Build.0 = Release|Any CPU
		{FA58406D-C64B-4A44-A243-074C1A107430}.Debug|Any CPU.ActiveCfg = Debug|Any CPU
		{FA58406D-C64B-4A44-A243-074C1A107430}.Debug|Any CPU.Build.0 = Debug|Any CPU
		{FA58406D-C64B-4A44-A243-074C1A107430}.Release|Any CPU.ActiveCfg = Release|Any CPU
		{FA58406D-C64B-4A44-A243-074C1A107430}.Release|Any CPU.Build.0 = Release|Any CPU
		{2BCAD954-E04B-488E-B66A-C0C58B721A53}.Debug|Any CPU.ActiveCfg = Debug|Any CPU
		{2BCAD954-E04B-488E-B66A-C0C58B721A53}.Debug|Any CPU.Build.0 = Debug|Any CPU
		{2BCAD954-E04B-488E-B66A-C0C58B721A53}.Release|Any CPU.ActiveCfg = Release|Any CPU
		{2BCAD954-E04B-488E-B66A-C0C58B721A53}.Release|Any CPU.Build.0 = Release|Any CPU
		{3729F172-E437-4480-9FAA-69A1502BC3A7}.Debug|Any CPU.ActiveCfg = Debug|Any CPU
		{3729F172-E437-4480-9FAA-69A1502BC3A7}.Debug|Any CPU.Build.0 = Debug|Any CPU
		{3729F172-E437-4480-9FAA-69A1502BC3A7}.Release|Any CPU.ActiveCfg = Release|Any CPU
		{3729F172-E437-4480-9FAA-69A1502BC3A7}.Release|Any CPU.Build.0 = Release|Any CPU
		{114AA7AB-1C4F-4426-ACD3-173A0C7C1D37}.Debug|Any CPU.ActiveCfg = Debug|Any CPU
		{114AA7AB-1C4F-4426-ACD3-173A0C7C1D37}.Debug|Any CPU.Build.0 = Debug|Any CPU
		{114AA7AB-1C4F-4426-ACD3-173A0C7C1D37}.Release|Any CPU.ActiveCfg = Release|Any CPU
		{114AA7AB-1C4F-4426-ACD3-173A0C7C1D37}.Release|Any CPU.Build.0 = Release|Any CPU
		{C8A719FC-9DC2-4E5A-84DF-DFB5D8F0D3DB}.Debug|Any CPU.ActiveCfg = Debug|Any CPU
		{C8A719FC-9DC2-4E5A-84DF-DFB5D8F0D3DB}.Debug|Any CPU.Build.0 = Debug|Any CPU
		{C8A719FC-9DC2-4E5A-84DF-DFB5D8F0D3DB}.Release|Any CPU.ActiveCfg = Release|Any CPU
		{C8A719FC-9DC2-4E5A-84DF-DFB5D8F0D3DB}.Release|Any CPU.Build.0 = Release|Any CPU
		{2AA73644-5E5A-427B-B364-976D6A827E87}.Debug|Any CPU.ActiveCfg = Debug|Any CPU
		{2AA73644-5E5A-427B-B364-976D6A827E87}.Debug|Any CPU.Build.0 = Debug|Any CPU
		{2AA73644-5E5A-427B-B364-976D6A827E87}.Release|Any CPU.ActiveCfg = Release|Any CPU
		{2AA73644-5E5A-427B-B364-976D6A827E87}.Release|Any CPU.Build.0 = Release|Any CPU
		{CAF1074D-C0EC-4067-BEFF-D00B68BFBB9C}.Debug|Any CPU.ActiveCfg = Debug|Any CPU
		{CAF1074D-C0EC-4067-BEFF-D00B68BFBB9C}.Debug|Any CPU.Build.0 = Debug|Any CPU
		{CAF1074D-C0EC-4067-BEFF-D00B68BFBB9C}.Release|Any CPU.ActiveCfg = Release|Any CPU
		{CAF1074D-C0EC-4067-BEFF-D00B68BFBB9C}.Release|Any CPU.Build.0 = Release|Any CPU
		{17A0D3E0-2631-4889-9B76-914FC22944DA}.Debug|Any CPU.ActiveCfg = Debug|Any CPU
		{17A0D3E0-2631-4889-9B76-914FC22944DA}.Debug|Any CPU.Build.0 = Debug|Any CPU
		{17A0D3E0-2631-4889-9B76-914FC22944DA}.Release|Any CPU.ActiveCfg = Release|Any CPU
		{17A0D3E0-2631-4889-9B76-914FC22944DA}.Release|Any CPU.Build.0 = Release|Any CPU
		{01FB92B1-F81B-4235-AE13-B35AF7280FC1}.Debug|Any CPU.ActiveCfg = Debug|Any CPU
		{01FB92B1-F81B-4235-AE13-B35AF7280FC1}.Debug|Any CPU.Build.0 = Debug|Any CPU
		{01FB92B1-F81B-4235-AE13-B35AF7280FC1}.Release|Any CPU.ActiveCfg = Release|Any CPU
		{01FB92B1-F81B-4235-AE13-B35AF7280FC1}.Release|Any CPU.Build.0 = Release|Any CPU
		{F35F7886-53C5-4119-BC73-C14C5DBF6404}.Debug|Any CPU.ActiveCfg = Debug|Any CPU
		{F35F7886-53C5-4119-BC73-C14C5DBF6404}.Debug|Any CPU.Build.0 = Debug|Any CPU
		{F35F7886-53C5-4119-BC73-C14C5DBF6404}.Release|Any CPU.ActiveCfg = Release|Any CPU
		{F35F7886-53C5-4119-BC73-C14C5DBF6404}.Release|Any CPU.Build.0 = Release|Any CPU
		{B4587884-19D5-453A-A27A-36842718C932}.Debug|Any CPU.ActiveCfg = Debug|Any CPU
		{B4587884-19D5-453A-A27A-36842718C932}.Debug|Any CPU.Build.0 = Debug|Any CPU
		{B4587884-19D5-453A-A27A-36842718C932}.Release|Any CPU.ActiveCfg = Release|Any CPU
		{B4587884-19D5-453A-A27A-36842718C932}.Release|Any CPU.Build.0 = Release|Any CPU
		{3556F51A-97C2-481C-905B-FCE578730B63}.Debug|Any CPU.ActiveCfg = Debug|Any CPU
		{3556F51A-97C2-481C-905B-FCE578730B63}.Debug|Any CPU.Build.0 = Debug|Any CPU
		{3556F51A-97C2-481C-905B-FCE578730B63}.Release|Any CPU.ActiveCfg = Release|Any CPU
		{3556F51A-97C2-481C-905B-FCE578730B63}.Release|Any CPU.Build.0 = Release|Any CPU
		{443E8D20-DEBB-4AAF-A2E1-5DA1BB1499FD}.Debug|Any CPU.ActiveCfg = Debug|Any CPU
		{443E8D20-DEBB-4AAF-A2E1-5DA1BB1499FD}.Debug|Any CPU.Build.0 = Debug|Any CPU
		{443E8D20-DEBB-4AAF-A2E1-5DA1BB1499FD}.Release|Any CPU.ActiveCfg = Release|Any CPU
		{443E8D20-DEBB-4AAF-A2E1-5DA1BB1499FD}.Release|Any CPU.Build.0 = Release|Any CPU
		{7E90B3BC-69ED-40C2-A3BE-02878C03F9F2}.Debug|Any CPU.ActiveCfg = Debug|Any CPU
		{7E90B3BC-69ED-40C2-A3BE-02878C03F9F2}.Debug|Any CPU.Build.0 = Debug|Any CPU
		{7E90B3BC-69ED-40C2-A3BE-02878C03F9F2}.Release|Any CPU.ActiveCfg = Release|Any CPU
		{7E90B3BC-69ED-40C2-A3BE-02878C03F9F2}.Release|Any CPU.Build.0 = Release|Any CPU
		{D7E7FAAA-AE53-457F-9E6D-4DFF3C6F969B}.Debug|Any CPU.ActiveCfg = Debug|Any CPU
		{D7E7FAAA-AE53-457F-9E6D-4DFF3C6F969B}.Debug|Any CPU.Build.0 = Debug|Any CPU
		{D7E7FAAA-AE53-457F-9E6D-4DFF3C6F969B}.Release|Any CPU.ActiveCfg = Release|Any CPU
		{D7E7FAAA-AE53-457F-9E6D-4DFF3C6F969B}.Release|Any CPU.Build.0 = Release|Any CPU
		{B94C225F-F7CF-425E-959B-723A8B52318E}.Debug|Any CPU.ActiveCfg = Debug|Any CPU
		{B94C225F-F7CF-425E-959B-723A8B52318E}.Debug|Any CPU.Build.0 = Debug|Any CPU
		{B94C225F-F7CF-425E-959B-723A8B52318E}.Release|Any CPU.ActiveCfg = Release|Any CPU
		{B94C225F-F7CF-425E-959B-723A8B52318E}.Release|Any CPU.Build.0 = Release|Any CPU
		{8EFF3E8D-0AFA-4D08-AD30-0E516FCF8C6C}.Debug|Any CPU.ActiveCfg = Debug|Any CPU
		{8EFF3E8D-0AFA-4D08-AD30-0E516FCF8C6C}.Debug|Any CPU.Build.0 = Debug|Any CPU
		{8EFF3E8D-0AFA-4D08-AD30-0E516FCF8C6C}.Release|Any CPU.ActiveCfg = Release|Any CPU
		{8EFF3E8D-0AFA-4D08-AD30-0E516FCF8C6C}.Release|Any CPU.Build.0 = Release|Any CPU
		{B81EFE3E-CD44-4CAD-937F-149A6B610119}.Debug|Any CPU.ActiveCfg = Debug|Any CPU
		{B81EFE3E-CD44-4CAD-937F-149A6B610119}.Debug|Any CPU.Build.0 = Debug|Any CPU
		{B81EFE3E-CD44-4CAD-937F-149A6B610119}.Release|Any CPU.ActiveCfg = Release|Any CPU
		{B81EFE3E-CD44-4CAD-937F-149A6B610119}.Release|Any CPU.Build.0 = Release|Any CPU
		{20F46807-8AEE-49B1-8C85-0995D8D1BA79}.Debug|Any CPU.ActiveCfg = Debug|Any CPU
		{20F46807-8AEE-49B1-8C85-0995D8D1BA79}.Debug|Any CPU.Build.0 = Debug|Any CPU
		{20F46807-8AEE-49B1-8C85-0995D8D1BA79}.Release|Any CPU.ActiveCfg = Release|Any CPU
		{20F46807-8AEE-49B1-8C85-0995D8D1BA79}.Release|Any CPU.Build.0 = Release|Any CPU
		{73BE766A-51AE-4913-9EEC-94FCC2A9E7DE}.Debug|Any CPU.ActiveCfg = Debug|Any CPU
		{73BE766A-51AE-4913-9EEC-94FCC2A9E7DE}.Debug|Any CPU.Build.0 = Debug|Any CPU
		{73BE766A-51AE-4913-9EEC-94FCC2A9E7DE}.Release|Any CPU.ActiveCfg = Release|Any CPU
		{73BE766A-51AE-4913-9EEC-94FCC2A9E7DE}.Release|Any CPU.Build.0 = Release|Any CPU
		{9556E8BE-E1CA-4E9B-AAE6-8782B4C29576}.Debug|Any CPU.ActiveCfg = Debug|Any CPU
		{9556E8BE-E1CA-4E9B-AAE6-8782B4C29576}.Debug|Any CPU.Build.0 = Debug|Any CPU
		{9556E8BE-E1CA-4E9B-AAE6-8782B4C29576}.Release|Any CPU.ActiveCfg = Release|Any CPU
		{9556E8BE-E1CA-4E9B-AAE6-8782B4C29576}.Release|Any CPU.Build.0 = Release|Any CPU
		{D1F74D7D-FB1A-4779-993D-A8185F7A6DC3}.Debug|Any CPU.ActiveCfg = Debug|Any CPU
		{D1F74D7D-FB1A-4779-993D-A8185F7A6DC3}.Debug|Any CPU.Build.0 = Debug|Any CPU
		{D1F74D7D-FB1A-4779-993D-A8185F7A6DC3}.Release|Any CPU.ActiveCfg = Release|Any CPU
		{D1F74D7D-FB1A-4779-993D-A8185F7A6DC3}.Release|Any CPU.Build.0 = Release|Any CPU
		{5B89BDE9-C609-4786-8C07-DADB8DF4ECE1}.Debug|Any CPU.ActiveCfg = Debug|Any CPU
		{5B89BDE9-C609-4786-8C07-DADB8DF4ECE1}.Debug|Any CPU.Build.0 = Debug|Any CPU
		{5B89BDE9-C609-4786-8C07-DADB8DF4ECE1}.Release|Any CPU.ActiveCfg = Release|Any CPU
		{5B89BDE9-C609-4786-8C07-DADB8DF4ECE1}.Release|Any CPU.Build.0 = Release|Any CPU
		{50DF5EFD-00EB-4CAF-898E-B25C8BF64FA9}.Debug|Any CPU.ActiveCfg = Debug|Any CPU
		{50DF5EFD-00EB-4CAF-898E-B25C8BF64FA9}.Debug|Any CPU.Build.0 = Debug|Any CPU
		{50DF5EFD-00EB-4CAF-898E-B25C8BF64FA9}.Release|Any CPU.ActiveCfg = Release|Any CPU
		{50DF5EFD-00EB-4CAF-898E-B25C8BF64FA9}.Release|Any CPU.Build.0 = Release|Any CPU
		{C74CA39B-F82B-4DE7-8BCD-55529B19343D}.Debug|Any CPU.ActiveCfg = Debug|Any CPU
		{C74CA39B-F82B-4DE7-8BCD-55529B19343D}.Debug|Any CPU.Build.0 = Debug|Any CPU
		{C74CA39B-F82B-4DE7-8BCD-55529B19343D}.Release|Any CPU.ActiveCfg = Release|Any CPU
		{C74CA39B-F82B-4DE7-8BCD-55529B19343D}.Release|Any CPU.Build.0 = Release|Any CPU
		{4A04699F-D13E-4D18-B9A6-1C1F02CEACAA}.Debug|Any CPU.ActiveCfg = Debug|Any CPU
		{4A04699F-D13E-4D18-B9A6-1C1F02CEACAA}.Debug|Any CPU.Build.0 = Debug|Any CPU
		{4A04699F-D13E-4D18-B9A6-1C1F02CEACAA}.Release|Any CPU.ActiveCfg = Release|Any CPU
		{4A04699F-D13E-4D18-B9A6-1C1F02CEACAA}.Release|Any CPU.Build.0 = Release|Any CPU
		{138FBDFE-875E-43E5-8AAB-C614208B01DA}.Debug|Any CPU.ActiveCfg = Debug|Any CPU
		{138FBDFE-875E-43E5-8AAB-C614208B01DA}.Debug|Any CPU.Build.0 = Debug|Any CPU
		{138FBDFE-875E-43E5-8AAB-C614208B01DA}.Release|Any CPU.ActiveCfg = Release|Any CPU
		{138FBDFE-875E-43E5-8AAB-C614208B01DA}.Release|Any CPU.Build.0 = Release|Any CPU
		{81D8DF62-FD26-44F7-810D-6EB0C554C368}.Debug|Any CPU.ActiveCfg = Debug|Any CPU
		{81D8DF62-FD26-44F7-810D-6EB0C554C368}.Debug|Any CPU.Build.0 = Debug|Any CPU
		{81D8DF62-FD26-44F7-810D-6EB0C554C368}.Release|Any CPU.ActiveCfg = Release|Any CPU
		{81D8DF62-FD26-44F7-810D-6EB0C554C368}.Release|Any CPU.Build.0 = Release|Any CPU
		{B9BE6B47-50D0-459F-BA6B-D17FA8C1345B}.Debug|Any CPU.ActiveCfg = Debug|Any CPU
		{B9BE6B47-50D0-459F-BA6B-D17FA8C1345B}.Debug|Any CPU.Build.0 = Debug|Any CPU
		{B9BE6B47-50D0-459F-BA6B-D17FA8C1345B}.Release|Any CPU.ActiveCfg = Release|Any CPU
		{B9BE6B47-50D0-459F-BA6B-D17FA8C1345B}.Release|Any CPU.Build.0 = Release|Any CPU
		{3112661D-C567-440D-BC30-70632BD7EDBB}.Debug|Any CPU.ActiveCfg = Debug|Any CPU
		{3112661D-C567-440D-BC30-70632BD7EDBB}.Debug|Any CPU.Build.0 = Debug|Any CPU
		{3112661D-C567-440D-BC30-70632BD7EDBB}.Release|Any CPU.ActiveCfg = Release|Any CPU
		{3112661D-C567-440D-BC30-70632BD7EDBB}.Release|Any CPU.Build.0 = Release|Any CPU
		{155030A9-48AF-4D71-8CAC-D95A2E2F97C3}.Debug|Any CPU.ActiveCfg = Debug|Any CPU
		{155030A9-48AF-4D71-8CAC-D95A2E2F97C3}.Debug|Any CPU.Build.0 = Debug|Any CPU
		{155030A9-48AF-4D71-8CAC-D95A2E2F97C3}.Release|Any CPU.ActiveCfg = Release|Any CPU
		{155030A9-48AF-4D71-8CAC-D95A2E2F97C3}.Release|Any CPU.Build.0 = Release|Any CPU
		{D1C677EB-0D38-410A-8A84-88B7D16138BB}.Debug|Any CPU.ActiveCfg = Debug|Any CPU
		{D1C677EB-0D38-410A-8A84-88B7D16138BB}.Debug|Any CPU.Build.0 = Debug|Any CPU
		{D1C677EB-0D38-410A-8A84-88B7D16138BB}.Release|Any CPU.ActiveCfg = Release|Any CPU
		{D1C677EB-0D38-410A-8A84-88B7D16138BB}.Release|Any CPU.Build.0 = Release|Any CPU
		{FFCDC3F6-8139-4CA9-B164-7402C91022B3}.Debug|Any CPU.ActiveCfg = Debug|Any CPU
		{FFCDC3F6-8139-4CA9-B164-7402C91022B3}.Debug|Any CPU.Build.0 = Debug|Any CPU
		{FFCDC3F6-8139-4CA9-B164-7402C91022B3}.Release|Any CPU.ActiveCfg = Release|Any CPU
		{FFCDC3F6-8139-4CA9-B164-7402C91022B3}.Release|Any CPU.Build.0 = Release|Any CPU
		{5F80A320-E266-4856-BCEA-220F5B147E25}.Debug|Any CPU.ActiveCfg = Debug|Any CPU
		{5F80A320-E266-4856-BCEA-220F5B147E25}.Debug|Any CPU.Build.0 = Debug|Any CPU
		{5F80A320-E266-4856-BCEA-220F5B147E25}.Release|Any CPU.ActiveCfg = Release|Any CPU
		{5F80A320-E266-4856-BCEA-220F5B147E25}.Release|Any CPU.Build.0 = Release|Any CPU
		{D8FCF15B-3B0B-493A-A0AE-B45EB6255B2C}.Debug|Any CPU.ActiveCfg = Debug|Any CPU
		{D8FCF15B-3B0B-493A-A0AE-B45EB6255B2C}.Debug|Any CPU.Build.0 = Debug|Any CPU
		{D8FCF15B-3B0B-493A-A0AE-B45EB6255B2C}.Release|Any CPU.ActiveCfg = Release|Any CPU
		{D8FCF15B-3B0B-493A-A0AE-B45EB6255B2C}.Release|Any CPU.Build.0 = Release|Any CPU
		{3FB215DF-0587-4631-8BDB-4CFA31CBAB7F}.Debug|Any CPU.ActiveCfg = Debug|Any CPU
		{3FB215DF-0587-4631-8BDB-4CFA31CBAB7F}.Debug|Any CPU.Build.0 = Debug|Any CPU
		{3FB215DF-0587-4631-8BDB-4CFA31CBAB7F}.Release|Any CPU.ActiveCfg = Release|Any CPU
		{3FB215DF-0587-4631-8BDB-4CFA31CBAB7F}.Release|Any CPU.Build.0 = Release|Any CPU
		{123088B0-75AD-476B-A7F9-3044E5F08478}.Debug|Any CPU.ActiveCfg = Debug|Any CPU
		{123088B0-75AD-476B-A7F9-3044E5F08478}.Debug|Any CPU.Build.0 = Debug|Any CPU
		{123088B0-75AD-476B-A7F9-3044E5F08478}.Release|Any CPU.ActiveCfg = Release|Any CPU
		{123088B0-75AD-476B-A7F9-3044E5F08478}.Release|Any CPU.Build.0 = Release|Any CPU
		{2FD43BE3-F3DD-4443-BCC2-DC7B21F0D428}.Debug|Any CPU.ActiveCfg = Debug|Any CPU
		{2FD43BE3-F3DD-4443-BCC2-DC7B21F0D428}.Debug|Any CPU.Build.0 = Debug|Any CPU
		{2FD43BE3-F3DD-4443-BCC2-DC7B21F0D428}.Release|Any CPU.ActiveCfg = Release|Any CPU
		{2FD43BE3-F3DD-4443-BCC2-DC7B21F0D428}.Release|Any CPU.Build.0 = Release|Any CPU
		{8AFAF4B2-E242-405F-95B2-B833CF4D20ED}.Debug|Any CPU.ActiveCfg = Debug|Any CPU
		{8AFAF4B2-E242-405F-95B2-B833CF4D20ED}.Debug|Any CPU.Build.0 = Debug|Any CPU
		{8AFAF4B2-E242-405F-95B2-B833CF4D20ED}.Release|Any CPU.ActiveCfg = Release|Any CPU
		{8AFAF4B2-E242-405F-95B2-B833CF4D20ED}.Release|Any CPU.Build.0 = Release|Any CPU
		{BEC084E9-099B-49C7-AC30-71E108D22E11}.Debug|Any CPU.ActiveCfg = Debug|Any CPU
		{BEC084E9-099B-49C7-AC30-71E108D22E11}.Debug|Any CPU.Build.0 = Debug|Any CPU
		{BEC084E9-099B-49C7-AC30-71E108D22E11}.Release|Any CPU.ActiveCfg = Release|Any CPU
		{BEC084E9-099B-49C7-AC30-71E108D22E11}.Release|Any CPU.Build.0 = Release|Any CPU
	EndGlobalSection
	GlobalSection(SolutionProperties) = preSolution
		HideSolutionNode = FALSE
	EndGlobalSection
	GlobalSection(NestedProjects) = preSolution
		{28E619F6-7F40-4F76-BEE0-EFF3819601CA} = {2F397AFC-B440-4318-AC14-1DD9274BF7EB}
		{C9C42A5F-2ED5-4401-9181-9B85FE0F7A2B} = {2F397AFC-B440-4318-AC14-1DD9274BF7EB}
		{F887A458-432A-4EAB-9D2B-E0E5139A0495} = {2F397AFC-B440-4318-AC14-1DD9274BF7EB}
		{FA58406D-C64B-4A44-A243-074C1A107430} = {2F397AFC-B440-4318-AC14-1DD9274BF7EB}
		{2BCAD954-E04B-488E-B66A-C0C58B721A53} = {2F397AFC-B440-4318-AC14-1DD9274BF7EB}
		{3729F172-E437-4480-9FAA-69A1502BC3A7} = {2F397AFC-B440-4318-AC14-1DD9274BF7EB}
		{114AA7AB-1C4F-4426-ACD3-173A0C7C1D37} = {2F397AFC-B440-4318-AC14-1DD9274BF7EB}
		{C8A719FC-9DC2-4E5A-84DF-DFB5D8F0D3DB} = {2F397AFC-B440-4318-AC14-1DD9274BF7EB}
		{2AA73644-5E5A-427B-B364-976D6A827E87} = {2F397AFC-B440-4318-AC14-1DD9274BF7EB}
		{CAF1074D-C0EC-4067-BEFF-D00B68BFBB9C} = {2F397AFC-B440-4318-AC14-1DD9274BF7EB}
		{17A0D3E0-2631-4889-9B76-914FC22944DA} = {2F397AFC-B440-4318-AC14-1DD9274BF7EB}
		{01FB92B1-F81B-4235-AE13-B35AF7280FC1} = {2F397AFC-B440-4318-AC14-1DD9274BF7EB}
		{F35F7886-53C5-4119-BC73-C14C5DBF6404} = {2F397AFC-B440-4318-AC14-1DD9274BF7EB}
		{B4587884-19D5-453A-A27A-36842718C932} = {2F397AFC-B440-4318-AC14-1DD9274BF7EB}
		{3556F51A-97C2-481C-905B-FCE578730B63} = {2F397AFC-B440-4318-AC14-1DD9274BF7EB}
		{443E8D20-DEBB-4AAF-A2E1-5DA1BB1499FD} = {2F397AFC-B440-4318-AC14-1DD9274BF7EB}
		{7E90B3BC-69ED-40C2-A3BE-02878C03F9F2} = {2F397AFC-B440-4318-AC14-1DD9274BF7EB}
		{D7E7FAAA-AE53-457F-9E6D-4DFF3C6F969B} = {2F397AFC-B440-4318-AC14-1DD9274BF7EB}
		{B94C225F-F7CF-425E-959B-723A8B52318E} = {2F397AFC-B440-4318-AC14-1DD9274BF7EB}
		{B462083F-FAA0-47D1-B233-33B16271A98D} = {E2E32E2A-18A7-4F06-B2BE-C57AAA0AA1BE}
		{D7E71B31-EF2E-4094-9BF1-ACCDC92D815A} = {E2E32E2A-18A7-4F06-B2BE-C57AAA0AA1BE}
		{6939553F-7C2C-491F-9BE2-AF7923304771} = {E2E32E2A-18A7-4F06-B2BE-C57AAA0AA1BE}
		{6256379B-79C7-4EF4-90F4-E526A7E83C25} = {E2E32E2A-18A7-4F06-B2BE-C57AAA0AA1BE}
		{C5595393-92C7-487E-8B8B-B7542A77F70E} = {E2E32E2A-18A7-4F06-B2BE-C57AAA0AA1BE}
		{244F6790-9946-42AB-A41F-5AFF04FF8139} = {E2E32E2A-18A7-4F06-B2BE-C57AAA0AA1BE}
		{2E239978-E03F-4879-8E7E-1EA83CED215C} = {E2E32E2A-18A7-4F06-B2BE-C57AAA0AA1BE}
		{75DD4CCF-6EE6-48FD-BF94-46B102A8F194} = {E2E32E2A-18A7-4F06-B2BE-C57AAA0AA1BE}
		{603C5FF1-36A3-4FFA-9233-6BDAF83906FB} = {E2E32E2A-18A7-4F06-B2BE-C57AAA0AA1BE}
		{3E45214F-E386-47CE-BE70-0DF3BCB35855} = {E2E32E2A-18A7-4F06-B2BE-C57AAA0AA1BE}
		{8A7327A3-F219-466A-B418-B389FB4B8FC2} = {E2E32E2A-18A7-4F06-B2BE-C57AAA0AA1BE}
		{43E540F0-9B4B-4441-8295-20403034362F} = {E2E32E2A-18A7-4F06-B2BE-C57AAA0AA1BE}
		{8EFF3E8D-0AFA-4D08-AD30-0E516FCF8C6C} = {B462083F-FAA0-47D1-B233-33B16271A98D}
		{B81EFE3E-CD44-4CAD-937F-149A6B610119} = {B462083F-FAA0-47D1-B233-33B16271A98D}
		{20F46807-8AEE-49B1-8C85-0995D8D1BA79} = {2E239978-E03F-4879-8E7E-1EA83CED215C}
		{73BE766A-51AE-4913-9EEC-94FCC2A9E7DE} = {2E239978-E03F-4879-8E7E-1EA83CED215C}
		{9556E8BE-E1CA-4E9B-AAE6-8782B4C29576} = {75DD4CCF-6EE6-48FD-BF94-46B102A8F194}
		{D1F74D7D-FB1A-4779-993D-A8185F7A6DC3} = {603C5FF1-36A3-4FFA-9233-6BDAF83906FB}
		{5B89BDE9-C609-4786-8C07-DADB8DF4ECE1} = {603C5FF1-36A3-4FFA-9233-6BDAF83906FB}
		{50DF5EFD-00EB-4CAF-898E-B25C8BF64FA9} = {3E45214F-E386-47CE-BE70-0DF3BCB35855}
		{C74CA39B-F82B-4DE7-8BCD-55529B19343D} = {8A7327A3-F219-466A-B418-B389FB4B8FC2}
		{4A04699F-D13E-4D18-B9A6-1C1F02CEACAA} = {43E540F0-9B4B-4441-8295-20403034362F}
		{138FBDFE-875E-43E5-8AAB-C614208B01DA} = {43E540F0-9B4B-4441-8295-20403034362F}
		{81D8DF62-FD26-44F7-810D-6EB0C554C368} = {D7E71B31-EF2E-4094-9BF1-ACCDC92D815A}
		{B9BE6B47-50D0-459F-BA6B-D17FA8C1345B} = {D7E71B31-EF2E-4094-9BF1-ACCDC92D815A}
		{3112661D-C567-440D-BC30-70632BD7EDBB} = {D7E71B31-EF2E-4094-9BF1-ACCDC92D815A}
		{155030A9-48AF-4D71-8CAC-D95A2E2F97C3} = {D7E71B31-EF2E-4094-9BF1-ACCDC92D815A}
		{D1C677EB-0D38-410A-8A84-88B7D16138BB} = {6939553F-7C2C-491F-9BE2-AF7923304771}
		{FFCDC3F6-8139-4CA9-B164-7402C91022B3} = {6939553F-7C2C-491F-9BE2-AF7923304771}
		{5F80A320-E266-4856-BCEA-220F5B147E25} = {6939553F-7C2C-491F-9BE2-AF7923304771}
		{D8FCF15B-3B0B-493A-A0AE-B45EB6255B2C} = {6939553F-7C2C-491F-9BE2-AF7923304771}
		{3FB215DF-0587-4631-8BDB-4CFA31CBAB7F} = {6256379B-79C7-4EF4-90F4-E526A7E83C25}
		{123088B0-75AD-476B-A7F9-3044E5F08478} = {C5595393-92C7-487E-8B8B-B7542A77F70E}
		{2FD43BE3-F3DD-4443-BCC2-DC7B21F0D428} = {C5595393-92C7-487E-8B8B-B7542A77F70E}
		{8AFAF4B2-E242-405F-95B2-B833CF4D20ED} = {C5595393-92C7-487E-8B8B-B7542A77F70E}
		{BEC084E9-099B-49C7-AC30-71E108D22E11} = {244F6790-9946-42AB-A41F-5AFF04FF8139}
	EndGlobalSection
	GlobalSection(ExtensibilityGlobals) = postSolution
		SolutionGuid = {40C64173-D9F8-42F3-9AC6-ACAE9DB63F70}
	EndGlobalSection
EndGlobal
